
Microsoft Visual Studio Solution File, Format Version 12.00
# Visual Studio Version 17
VisualStudioVersion = 17.9.34622.214
MinimumVisualStudioVersion = 10.0.40219.1
Project("{8BC9CEB8-8B4A-11D0-8D11-00A0C91BC942}") = "os_var13", "os_var13\os_var13.vcxproj", "{DE2B4F13-6A34-4E34-A106-69F4E5AA739D}"
EndProject
Global
	GlobalSection(SolutionConfigurationPlatforms) = preSolution
		Debug|x64 = Debug|x64
		Debug|x86 = Debug|x86
		Release|x64 = Release|x64
		Release|x86 = Release|x86
	EndGlobalSection
	GlobalSection(ProjectConfigurationPlatforms) = postSolution
		{DE2B4F13-6A34-4E34-A106-69F4E5AA739D}.Debug|x64.ActiveCfg = Debug|x64
		{DE2B4F13-6A34-4E34-A106-69F4E5AA739D}.Debug|x64.Build.0 = Debug|x64
		{DE2B4F13-6A34-4E34-A106-69F4E5AA739D}.Debug|x86.ActiveCfg = Debug|Win32
		{DE2B4F13-6A34-4E34-A106-69F4E5AA739D}.Debug|x86.Build.0 = Debug|Win32
		{DE2B4F13-6A34-4E34-A106-69F4E5AA739D}.Release|x64.ActiveCfg = Release|x64
		{DE2B4F13-6A34-4E34-A106-69F4E5AA739D}.Release|x64.Build.0 = Release|x64
		{DE2B4F13-6A34-4E34-A106-69F4E5AA739D}.Release|x86.ActiveCfg = Release|Win32
		{DE2B4F13-6A34-4E34-A106-69F4E5AA739D}.Release|x86.Build.0 = Release|Win32
	EndGlobalSection
	GlobalSection(SolutionProperties) = preSolution
		HideSolutionNode = FALSE
	EndGlobalSection
	GlobalSection(ExtensibilityGlobals) = postSolution
		SolutionGuid = {6C677CDC-513A-4734-968E-0950ADAA7173}
	EndGlobalSection
EndGlobal
